
Microsoft Visual Studio Solution File, Format Version 12.00
# Visual Studio 15
VisualStudioVersion = 15.0.28307.438
MinimumVisualStudioVersion = 10.0.40219.1
Project("{FAE04EC0-301F-11D3-BF4B-00C04F79EFBC}") = "ApiGenerator", "ApiGenerator\ApiGenerator.csproj", "{2FE76BA1-32B8-44AB-8DEE-411B1922C6C0}"
EndProject
Project("{FAE04EC0-301F-11D3-BF4B-00C04F79EFBC}") = "OpenBankingApi", "OpenBankingApi\OpenBankingApi.csproj", "{2023B9DC-D0EE-4473-B223-A3ED15C37A1D}"
EndProject
Global
	GlobalSection(SolutionConfigurationPlatforms) = preSolution
		Debug|Any CPU = Debug|Any CPU
		Release|Any CPU = Release|Any CPU
	EndGlobalSection
	GlobalSection(ProjectConfigurationPlatforms) = postSolution
		{2FE76BA1-32B8-44AB-8DEE-411B1922C6C0}.Debug|Any CPU.ActiveCfg = Debug|Any CPU
		{2FE76BA1-32B8-44AB-8DEE-411B1922C6C0}.Debug|Any CPU.Build.0 = Debug|Any CPU
		{2FE76BA1-32B8-44AB-8DEE-411B1922C6C0}.Release|Any CPU.ActiveCfg = Release|Any CPU
		{2FE76BA1-32B8-44AB-8DEE-411B1922C6C0}.Release|Any CPU.Build.0 = Release|Any CPU
		{2023B9DC-D0EE-4473-B223-A3ED15C37A1D}.Debug|Any CPU.ActiveCfg = Debug|Any CPU
		{2023B9DC-D0EE-4473-B223-A3ED15C37A1D}.Debug|Any CPU.Build.0 = Debug|Any CPU
		{2023B9DC-D0EE-4473-B223-A3ED15C37A1D}.Release|Any CPU.ActiveCfg = Release|Any CPU
		{2023B9DC-D0EE-4473-B223-A3ED15C37A1D}.Release|Any CPU.Build.0 = Release|Any CPU
	EndGlobalSection
	GlobalSection(SolutionProperties) = preSolution
		HideSolutionNode = FALSE
	EndGlobalSection
	GlobalSection(ExtensibilityGlobals) = postSolution
		SolutionGuid = {A230D91B-7166-4749-B998-66BB4984F630}
	EndGlobalSection
EndGlobal
