
Microsoft Visual Studio Solution File, Format Version 12.00
# Visual Studio Version 16
VisualStudioVersion = 16.0.28803.202
MinimumVisualStudioVersion = 10.0.40219.1
Project("{FAE04EC0-301F-11D3-BF4B-00C04F79EFBC}") = "ApiGenerator", "ApiGenerator\ApiGenerator.csproj", "{2FE76BA1-32B8-44AB-8DEE-411B1922C6C0}"
EndProject
Project("{FAE04EC0-301F-11D3-BF4B-00C04F79EFBC}") = "OpenBankingApi.ConsoleHost", "OpenBankingApi.ConsoleHost\OpenBankingApi.ConsoleHost.csproj", "{336866B3-31C3-43B1-8009-E80516082EF6}"
EndProject
Project("{9A19103F-16F7-4668-BE54-9A1E7A4F7556}") = "OpenBankingApi.Client", "OpenBankingApi.Client\OpenBankingApi.Client.csproj", "{D968093E-FB82-47E2-807A-8B27E45281E4}"
EndProject
Project("{2150E333-8FDC-42A3-9474-1A3956D46DE8}") = "Solution Items", "Solution Items", "{09B5F6E4-3B18-4979-9851-49A63057C215}"
	ProjectSection(SolutionItems) = preProject
		.gitignore = .gitignore
		README.md = README.md
		regenerate_clients.bat = regenerate_clients.bat
		regenerate_core_controller.bat = regenerate_core_controller.bat
		regenerate_dtos.bat = regenerate_dtos.bat
	EndProjectSection
EndProject
Project("{9A19103F-16F7-4668-BE54-9A1E7A4F7556}") = "OpenBankingApi_core", "OpenBankingApi_Core\OpenBankingApi_core.csproj", "{19CDEDC0-7835-40BD-B85F-60F4462904BC}"
EndProject
Project("{FAE04EC0-301F-11D3-BF4B-00C04F79EFBC}") = "OpenBankingApi.DTOs", "OpenBankingApi.DTOs\OpenBankingApi.DTOs.csproj", "{2521D9E8-1F5A-48F0-B2D2-09890D9D8D3C}"
EndProject
Global
	GlobalSection(SolutionConfigurationPlatforms) = preSolution
		Debug|Any CPU = Debug|Any CPU
		Release|Any CPU = Release|Any CPU
	EndGlobalSection
	GlobalSection(ProjectConfigurationPlatforms) = postSolution
		{2FE76BA1-32B8-44AB-8DEE-411B1922C6C0}.Debug|Any CPU.ActiveCfg = Debug|Any CPU
		{2FE76BA1-32B8-44AB-8DEE-411B1922C6C0}.Debug|Any CPU.Build.0 = Debug|Any CPU
		{2FE76BA1-32B8-44AB-8DEE-411B1922C6C0}.Release|Any CPU.ActiveCfg = Release|Any CPU
		{2FE76BA1-32B8-44AB-8DEE-411B1922C6C0}.Release|Any CPU.Build.0 = Release|Any CPU
		{336866B3-31C3-43B1-8009-E80516082EF6}.Debug|Any CPU.ActiveCfg = Debug|Any CPU
		{336866B3-31C3-43B1-8009-E80516082EF6}.Debug|Any CPU.Build.0 = Debug|Any CPU
		{336866B3-31C3-43B1-8009-E80516082EF6}.Release|Any CPU.ActiveCfg = Release|Any CPU
		{336866B3-31C3-43B1-8009-E80516082EF6}.Release|Any CPU.Build.0 = Release|Any CPU
		{D968093E-FB82-47E2-807A-8B27E45281E4}.Debug|Any CPU.ActiveCfg = Debug|Any CPU
		{D968093E-FB82-47E2-807A-8B27E45281E4}.Debug|Any CPU.Build.0 = Debug|Any CPU
		{D968093E-FB82-47E2-807A-8B27E45281E4}.Release|Any CPU.ActiveCfg = Release|Any CPU
		{D968093E-FB82-47E2-807A-8B27E45281E4}.Release|Any CPU.Build.0 = Release|Any CPU
		{19CDEDC0-7835-40BD-B85F-60F4462904BC}.Debug|Any CPU.ActiveCfg = Debug|Any CPU
		{19CDEDC0-7835-40BD-B85F-60F4462904BC}.Debug|Any CPU.Build.0 = Debug|Any CPU
		{19CDEDC0-7835-40BD-B85F-60F4462904BC}.Release|Any CPU.ActiveCfg = Release|Any CPU
		{19CDEDC0-7835-40BD-B85F-60F4462904BC}.Release|Any CPU.Build.0 = Release|Any CPU
		{2521D9E8-1F5A-48F0-B2D2-09890D9D8D3C}.Debug|Any CPU.ActiveCfg = Debug|Any CPU
		{2521D9E8-1F5A-48F0-B2D2-09890D9D8D3C}.Debug|Any CPU.Build.0 = Debug|Any CPU
		{2521D9E8-1F5A-48F0-B2D2-09890D9D8D3C}.Release|Any CPU.ActiveCfg = Release|Any CPU
		{2521D9E8-1F5A-48F0-B2D2-09890D9D8D3C}.Release|Any CPU.Build.0 = Release|Any CPU
	EndGlobalSection
	GlobalSection(SolutionProperties) = preSolution
		HideSolutionNode = FALSE
	EndGlobalSection
	GlobalSection(ExtensibilityGlobals) = postSolution
		SolutionGuid = {A230D91B-7166-4749-B998-66BB4984F630}
	EndGlobalSection
EndGlobal
